
Microsoft Visual Studio Solution File, Format Version 12.00
Project("{FAE04EC0-301F-11D3-BF4B-00C04F79EFBC}") = "Day-1-Student-Class-Example", "Day-1-Student-Class-Example\Day-1-Student-Class-Example.csproj", "{F3AAD479-5E62-4AEB-BCD7-395AEFD89F43}"
EndProject
Global
	GlobalSection(SolutionConfigurationPlatforms) = preSolution
		Debug|Any CPU = Debug|Any CPU
		Release|Any CPU = Release|Any CPU
	EndGlobalSection
	GlobalSection(ProjectConfigurationPlatforms) = postSolution
		{F3AAD479-5E62-4AEB-BCD7-395AEFD89F43}.Debug|Any CPU.ActiveCfg = Debug|Any CPU
		{F3AAD479-5E62-4AEB-BCD7-395AEFD89F43}.Debug|Any CPU.Build.0 = Debug|Any CPU
		{F3AAD479-5E62-4AEB-BCD7-395AEFD89F43}.Release|Any CPU.ActiveCfg = Release|Any CPU
		{F3AAD479-5E62-4AEB-BCD7-395AEFD89F43}.Release|Any CPU.Build.0 = Release|Any CPU
	EndGlobalSection
EndGlobal
